// !$*UTF8*$!
{
	archiveVersion = 1;
	classes = {
	};
	objectVersion = 50;
	objects = {

/* Begin PBXBuildFile section */
		EEAE637F2115190800A18506 /* AppDelegate.swift in Sources */ = {isa = PBXBuildFile; fileRef = EEAE637E2115190800A18506 /* AppDelegate.swift */; };
		EEAE63812115190800A18506 /* MainVC.swift in Sources */ = {isa = PBXBuildFile; fileRef = EEAE63802115190800A18506 /* MainVC.swift */; };
		EEAE63842115190800A18506 /* Main.storyboard in Resources */ = {isa = PBXBuildFile; fileRef = EEAE63822115190800A18506 /* Main.storyboard */; };
		EEAE63862115190B00A18506 /* Assets.xcassets in Resources */ = {isa = PBXBuildFile; fileRef = EEAE63852115190B00A18506 /* Assets.xcassets */; };
		EEAE63892115190B00A18506 /* LaunchScreen.storyboard in Resources */ = {isa = PBXBuildFile; fileRef = EEAE63872115190B00A18506 /* LaunchScreen.storyboard */; };
		EEAE639321151AC300A18506 /* CurrencyTxtField.swift in Sources */ = {isa = PBXBuildFile; fileRef = EEAE639221151AC300A18506 /* CurrencyTxtField.swift */; };
		EEAE639B21153F1200A18506 /* window_shopperTests.swift in Sources */ = {isa = PBXBuildFile; fileRef = EEAE639A21153F1200A18506 /* window_shopperTests.swift */; };
		EEAE63A421153F3600A18506 /* Wage.swift in Sources */ = {isa = PBXBuildFile; fileRef = EEAE63A321153F3600A18506 /* Wage.swift */; };
		EEAE63A52115407000A18506 /* Wage.swift in Sources */ = {isa = PBXBuildFile; fileRef = EEAE63A321153F3600A18506 /* Wage.swift */; };
/* End PBXBuildFile section */

/* Begin PBXContainerItemProxy section */
		EEAE639D21153F1200A18506 /* PBXContainerItemProxy */ = {
			isa = PBXContainerItemProxy;
			containerPortal = EEAE63732115190800A18506 /* Project object */;
			proxyType = 1;
			remoteGlobalIDString = EEAE637A2115190800A18506;
			remoteInfo = "window-shopper";
		};
/* End PBXContainerItemProxy section */

/* Begin PBXFileReference section */
		EEAE637B2115190800A18506 /* window-shopper.app */ = {isa = PBXFileReference; explicitFileType = wrapper.application; includeInIndex = 0; path = "window-shopper.app"; sourceTree = BUILT_PRODUCTS_DIR; };
		EEAE637E2115190800A18506 /* AppDelegate.swift */ = {isa = PBXFileReference; lastKnownFileType = sourcecode.swift; path = AppDelegate.swift; sourceTree = "<group>"; };
		EEAE63802115190800A18506 /* MainVC.swift */ = {isa = PBXFileReference; lastKnownFileType = sourcecode.swift; path = MainVC.swift; sourceTree = "<group>"; };
		EEAE63832115190800A18506 /* Base */ = {isa = PBXFileReference; lastKnownFileType = file.storyboard; name = Base; path = Base.lproj/Main.storyboard; sourceTree = "<group>"; };
		EEAE63852115190B00A18506 /* Assets.xcassets */ = {isa = PBXFileReference; lastKnownFileType = folder.assetcatalog; path = Assets.xcassets; sourceTree = "<group>"; };
		EEAE63882115190B00A18506 /* Base */ = {isa = PBXFileReference; lastKnownFileType = file.storyboard; name = Base; path = Base.lproj/LaunchScreen.storyboard; sourceTree = "<group>"; };
		EEAE638A2115190B00A18506 /* Info.plist */ = {isa = PBXFileReference; lastKnownFileType = text.plist.xml; path = Info.plist; sourceTree = "<group>"; };
		EEAE639221151AC300A18506 /* CurrencyTxtField.swift */ = {isa = PBXFileReference; lastKnownFileType = sourcecode.swift; path = CurrencyTxtField.swift; sourceTree = "<group>"; };
		EEAE639821153F1200A18506 /* window-shopperTests.xctest */ = {isa = PBXFileReference; explicitFileType = wrapper.cfbundle; includeInIndex = 0; path = "window-shopperTests.xctest"; sourceTree = BUILT_PRODUCTS_DIR; };
		EEAE639A21153F1200A18506 /* window_shopperTests.swift */ = {isa = PBXFileReference; lastKnownFileType = sourcecode.swift; path = window_shopperTests.swift; sourceTree = "<group>"; };
		EEAE639C21153F1200A18506 /* Info.plist */ = {isa = PBXFileReference; lastKnownFileType = text.plist.xml; path = Info.plist; sourceTree = "<group>"; };
		EEAE63A321153F3600A18506 /* Wage.swift */ = {isa = PBXFileReference; lastKnownFileType = sourcecode.swift; path = Wage.swift; sourceTree = "<group>"; };
/* End PBXFileReference section */

/* Begin PBXFrameworksBuildPhase section */
		EEAE63782115190800A18506 /* Frameworks */ = {
			isa = PBXFrameworksBuildPhase;
			buildActionMask = 2147483647;
			files = (
			);
			runOnlyForDeploymentPostprocessing = 0;
		};
		EEAE639521153F1200A18506 /* Frameworks */ = {
			isa = PBXFrameworksBuildPhase;
			buildActionMask = 2147483647;
			files = (
			);
			runOnlyForDeploymentPostprocessing = 0;
		};
/* End PBXFrameworksBuildPhase section */

/* Begin PBXGroup section */
		EEAE63722115190800A18506 = {
			isa = PBXGroup;
			children = (
				EEAE637D2115190800A18506 /* window-shopper */,
				EEAE639921153F1200A18506 /* window-shopperTests */,
				EEAE637C2115190800A18506 /* Products */,
			);
			sourceTree = "<group>";
		};
		EEAE637C2115190800A18506 /* Products */ = {
			isa = PBXGroup;
			children = (
				EEAE637B2115190800A18506 /* window-shopper.app */,
				EEAE639821153F1200A18506 /* window-shopperTests.xctest */,
			);
			name = Products;
			sourceTree = "<group>";
		};
		EEAE637D2115190800A18506 /* window-shopper */ = {
			isa = PBXGroup;
			children = (
				EEAE63A221153F2100A18506 /* Model */,
				EEAE639121151A9800A18506 /* Views */,
				EEAE6390211519A500A18506 /* Controller */,
				EEAE637E2115190800A18506 /* AppDelegate.swift */,
				EEAE63822115190800A18506 /* Main.storyboard */,
				EEAE63852115190B00A18506 /* Assets.xcassets */,
				EEAE63872115190B00A18506 /* LaunchScreen.storyboard */,
				EEAE638A2115190B00A18506 /* Info.plist */,
			);
			path = "window-shopper";
			sourceTree = "<group>";
		};
		EEAE6390211519A500A18506 /* Controller */ = {
			isa = PBXGroup;
			children = (
				EEAE63802115190800A18506 /* MainVC.swift */,
			);
			path = Controller;
			sourceTree = "<group>";
		};
		EEAE639121151A9800A18506 /* Views */ = {
			isa = PBXGroup;
			children = (
				EEAE639221151AC300A18506 /* CurrencyTxtField.swift */,
			);
			path = Views;
			sourceTree = "<group>";
		};
		EEAE639921153F1200A18506 /* window-shopperTests */ = {
			isa = PBXGroup;
			children = (
				EEAE639A21153F1200A18506 /* window_shopperTests.swift */,
				EEAE639C21153F1200A18506 /* Info.plist */,
			);
			path = "window-shopperTests";
			sourceTree = "<group>";
		};
		EEAE63A221153F2100A18506 /* Model */ = {
			isa = PBXGroup;
			children = (
				EEAE63A321153F3600A18506 /* Wage.swift */,
			);
			path = Model;
			sourceTree = "<group>";
		};
/* End PBXGroup section */

/* Begin PBXNativeTarget section */
		EEAE637A2115190800A18506 /* window-shopper */ = {
			isa = PBXNativeTarget;
			buildConfigurationList = EEAE638D2115190B00A18506 /* Build configuration list for PBXNativeTarget "window-shopper" */;
			buildPhases = (
				EEAE63772115190800A18506 /* Sources */,
				EEAE63782115190800A18506 /* Frameworks */,
				EEAE63792115190800A18506 /* Resources */,
			);
			buildRules = (
			);
			dependencies = (
			);
			name = "window-shopper";
			productName = "window-shopper";
			productReference = EEAE637B2115190800A18506 /* window-shopper.app */;
			productType = "com.apple.product-type.application";
		};
		EEAE639721153F1200A18506 /* window-shopperTests */ = {
			isa = PBXNativeTarget;
			buildConfigurationList = EEAE639F21153F1200A18506 /* Build configuration list for PBXNativeTarget "window-shopperTests" */;
			buildPhases = (
				EEAE639421153F1200A18506 /* Sources */,
				EEAE639521153F1200A18506 /* Frameworks */,
				EEAE639621153F1200A18506 /* Resources */,
			);
			buildRules = (
			);
			dependencies = (
				EEAE639E21153F1200A18506 /* PBXTargetDependency */,
			);
			name = "window-shopperTests";
			productName = "window-shopperTests";
			productReference = EEAE639821153F1200A18506 /* window-shopperTests.xctest */;
			productType = "com.apple.product-type.bundle.unit-test";
		};
/* End PBXNativeTarget section */

/* Begin PBXProject section */
		EEAE63732115190800A18506 /* Project object */ = {
			isa = PBXProject;
			attributes = {
				LastSwiftUpdateCheck = 0940;
				LastUpgradeCheck = 0940;
				ORGANIZATIONNAME = "Irfan Maknojia";
				TargetAttributes = {
					EEAE637A2115190800A18506 = {
						CreatedOnToolsVersion = 9.4.1;
					};
					EEAE639721153F1200A18506 = {
						CreatedOnToolsVersion = 9.4.1;
						TestTargetID = EEAE637A2115190800A18506;
					};
				};
			};
			buildConfigurationList = EEAE63762115190800A18506 /* Build configuration list for PBXProject "window-shopper" */;
			compatibilityVersion = "Xcode 9.3";
			developmentRegion = en;
			hasScannedForEncodings = 0;
			knownRegions = (
				en,
				Base,
			);
			mainGroup = EEAE63722115190800A18506;
			productRefGroup = EEAE637C2115190800A18506 /* Products */;
			projectDirPath = "";
			projectRoot = "";
			targets = (
				EEAE637A2115190800A18506 /* window-shopper */,
				EEAE639721153F1200A18506 /* window-shopperTests */,
			);
		};
/* End PBXProject section */

/* Begin PBXResourcesBuildPhase section */
		EEAE63792115190800A18506 /* Resources */ = {
			isa = PBXResourcesBuildPhase;
			buildActionMask = 2147483647;
			files = (
				EEAE63892115190B00A18506 /* LaunchScreen.storyboard in Resources */,
				EEAE63862115190B00A18506 /* Assets.xcassets in Resources */,
				EEAE63842115190800A18506 /* Main.storyboard in Resources */,
			);
			runOnlyForDeploymentPostprocessing = 0;
		};
		EEAE639621153F1200A18506 /* Resources */ = {
			isa = PBXResourcesBuildPhase;
			buildActionMask = 2147483647;
			files = (
			);
			runOnlyForDeploymentPostprocessing = 0;
		};
/* End PBXResourcesBuildPhase section */

/* Begin PBXSourcesBuildPhase section */
		EEAE63772115190800A18506 /* Sources */ = {
			isa = PBXSourcesBuildPhase;
			buildActionMask = 2147483647;
			files = (
				EEAE639321151AC300A18506 /* CurrencyTxtField.swift in Sources */,
				EEAE63A421153F3600A18506 /* Wage.swift in Sources */,
				EEAE63812115190800A18506 /* MainVC.swift in Sources */,
				EEAE637F2115190800A18506 /* AppDelegate.swift in Sources */,
			);
			runOnlyForDeploymentPostprocessing = 0;
		};
		EEAE639421153F1200A18506 /* Sources */ = {
			isa = PBXSourcesBuildPhase;
			buildActionMask = 2147483647;
			files = (
				EEAE639B21153F1200A18506 /* window_shopperTests.swift in Sources */,
				EEAE63A52115407000A18506 /* Wage.swift in Sources */,
			);
			runOnlyForDeploymentPostprocessing = 0;
		};
/* End PBXSourcesBuildPhase section */

/* Begin PBXTargetDependency section */
		EEAE639E21153F1200A18506 /* PBXTargetDependency */ = {
			isa = PBXTargetDependency;
			target = EEAE637A2115190800A18506 /* window-shopper */;
			targetProxy = EEAE639D21153F1200A18506 /* PBXContainerItemProxy */;
		};
/* End PBXTargetDependency section */

/* Begin PBXVariantGroup section */
		EEAE63822115190800A18506 /* Main.storyboard */ = {
			isa = PBXVariantGroup;
			children = (
				EEAE63832115190800A18506 /* Base */,
			);
			name = Main.storyboard;
			sourceTree = "<group>";
		};
		EEAE63872115190B00A18506 /* LaunchScreen.storyboard */ = {
			isa = PBXVariantGroup;
			children = (
				EEAE63882115190B00A18506 /* Base */,
			);
			name = LaunchScreen.storyboard;
			sourceTree = "<group>";
		};
/* End PBXVariantGroup section */

/* Begin XCBuildConfiguration section */
		EEAE638B2115190B00A18506 /* Debug */ = {
			isa = XCBuildConfiguration;
			buildSettings = {
				ALWAYS_SEARCH_USER_PATHS = NO;
				CLANG_ANALYZER_NONNULL = YES;
				CLANG_ANALYZER_NUMBER_OBJECT_CONVERSION = YES_AGGRESSIVE;
				CLANG_CXX_LANGUAGE_STANDARD = "gnu++14";
				CLANG_CXX_LIBRARY = "libc++";
				CLANG_ENABLE_MODULES = YES;
				CLANG_ENABLE_OBJC_ARC = YES;
				CLANG_ENABLE_OBJC_WEAK = YES;
				CLANG_WARN_BLOCK_CAPTURE_AUTORELEASING = YES;
				CLANG_WARN_BOOL_CONVERSION = YES;
				CLANG_WARN_COMMA = YES;
				CLANG_WARN_CONSTANT_CONVERSION = YES;
				CLANG_WARN_DEPRECATED_OBJC_IMPLEMENTATIONS = YES;
				CLANG_WARN_DIRECT_OBJC_ISA_USAGE = YES_ERROR;
				CLANG_WARN_DOCUMENTATION_COMMENTS = YES;
				CLANG_WARN_EMPTY_BODY = YES;
				CLANG_WARN_ENUM_CONVERSION = YES;
				CLANG_WARN_INFINITE_RECURSION = YES;
				CLANG_WARN_INT_CONVERSION = YES;
				CLANG_WARN_NON_LITERAL_NULL_CONVERSION = YES;
				CLANG_WARN_OBJC_IMPLICIT_RETAIN_SELF = YES;
				CLANG_WARN_OBJC_LITERAL_CONVERSION = YES;
				CLANG_WARN_OBJC_ROOT_CLASS = YES_ERROR;
				CLANG_WARN_RANGE_LOOP_ANALYSIS = YES;
				CLANG_WARN_STRICT_PROTOTYPES = YES;
				CLANG_WARN_SUSPICIOUS_MOVE = YES;
				CLANG_WARN_UNGUARDED_AVAILABILITY = YES_AGGRESSIVE;
				CLANG_WARN_UNREACHABLE_CODE = YES;
				CLANG_WARN__DUPLICATE_METHOD_MATCH = YES;
				CODE_SIGN_IDENTITY = "iPhone Developer";
				COPY_PHASE_STRIP = NO;
				DEBUG_INFORMATION_FORMAT = dwarf;
				ENABLE_STRICT_OBJC_MSGSEND = YES;
				ENABLE_TESTABILITY = YES;
				GCC_C_LANGUAGE_STANDARD = gnu11;
				GCC_DYNAMIC_NO_PIC = NO;
				GCC_NO_COMMON_BLOCKS = YES;
				GCC_OPTIMIZATION_LEVEL = 0;
				GCC_PREPROCESSOR_DEFINITIONS = (
					"DEBUG=1",
					"$(inherited)",
				);
				GCC_WARN_64_TO_32_BIT_CONVERSION = YES;
				GCC_WARN_ABOUT_RETURN_TYPE = YES_ERROR;
				GCC_WARN_UNDECLARED_SELECTOR = YES;
				GCC_WARN_UNINITIALIZED_AUTOS = YES_AGGRESSIVE;
				GCC_WARN_UNUSED_FUNCTION = YES;
				GCC_WARN_UNUSED_VARIABLE = YES;
				IPHONEOS_DEPLOYMENT_TARGET = 11.4;
				MTL_ENABLE_DEBUG_INFO = YES;
				ONLY_ACTIVE_ARCH = YES;
				SDKROOT = iphoneos;
				SWIFT_ACTIVE_COMPILATION_CONDITIONS = DEBUG;
				SWIFT_OPTIMIZATION_LEVEL = "-Onone";
			};
			name = Debug;
		};
		EEAE638C2115190B00A18506 /* Release */ = {
			isa = XCBuildConfiguration;
			buildSettings = {
				ALWAYS_SEARCH_USER_PATHS = NO;
				CLANG_ANALYZER_NONNULL = YES;
				CLANG_ANALYZER_NUMBER_OBJECT_CONVERSION = YES_AGGRESSIVE;
				CLANG_CXX_LANGUAGE_STANDARD = "gnu++14";
				CLANG_CXX_LIBRARY = "libc++";
				CLANG_ENABLE_MODULES = YES;
				CLANG_ENABLE_OBJC_ARC = YES;
				CLANG_ENABLE_OBJC_WEAK = YES;
				CLANG_WARN_BLOCK_CAPTURE_AUTORELEASING = YES;
				CLANG_WARN_BOOL_CONVERSION = YES;
				CLANG_WARN_COMMA = YES;
				CLANG_WARN_CONSTANT_CONVERSION = YES;
				CLANG_WARN_DEPRECATED_OBJC_IMPLEMENTATIONS = YES;
				CLANG_WARN_DIRECT_OBJC_ISA_USAGE = YES_ERROR;
				CLANG_WARN_DOCUMENTATION_COMMENTS = YES;
				CLANG_WARN_EMPTY_BODY = YES;
				CLANG_WARN_ENUM_CONVERSION = YES;
				CLANG_WARN_INFINITE_RECURSION = YES;
				CLANG_WARN_INT_CONVERSION = YES;
				CLANG_WARN_NON_LITERAL_NULL_CONVERSION = YES;
				CLANG_WARN_OBJC_IMPLICIT_RETAIN_SELF = YES;
				CLANG_WARN_OBJC_LITERAL_CONVERSION = YES;
				CLANG_WARN_OBJC_ROOT_CLASS = YES_ERROR;
				CLANG_WARN_RANGE_LOOP_ANALYSIS = YES;
				CLANG_WARN_STRICT_PROTOTYPES = YES;
				CLANG_WARN_SUSPICIOUS_MOVE = YES;
				CLANG_WARN_UNGUARDED_AVAILABILITY = YES_AGGRESSIVE;
				CLANG_WARN_UNREACHABLE_CODE = YES;
				CLANG_WARN__DUPLICATE_METHOD_MATCH = YES;
				CODE_SIGN_IDENTITY = "iPhone Developer";
				COPY_PHASE_STRIP = NO;
				DEBUG_INFORMATION_FORMAT = "dwarf-with-dsym";
				ENABLE_NS_ASSERTIONS = NO;
				ENABLE_STRICT_OBJC_MSGSEND = YES;
				GCC_C_LANGUAGE_STANDARD = gnu11;
				GCC_NO_COMMON_BLOCKS = YES;
				GCC_WARN_64_TO_32_BIT_CONVERSION = YES;
				GCC_WARN_ABOUT_RETURN_TYPE = YES_ERROR;
				GCC_WARN_UNDECLARED_SELECTOR = YES;
				GCC_WARN_UNINITIALIZED_AUTOS = YES_AGGRESSIVE;
				GCC_WARN_UNUSED_FUNCTION = YES;
				GCC_WARN_UNUSED_VARIABLE = YES;
				IPHONEOS_DEPLOYMENT_TARGET = 11.4;
				MTL_ENABLE_DEBUG_INFO = NO;
				SDKROOT = iphoneos;
				SWIFT_COMPILATION_MODE = wholemodule;
				SWIFT_OPTIMIZATION_LEVEL = "-O";
				VALIDATE_PRODUCT = YES;
			};
			name = Release;
		};
		EEAE638E2115190B00A18506 /* Debug */ = {
			isa = XCBuildConfiguration;
			buildSettings = {
				ASSETCATALOG_COMPILER_APPICON_NAME = AppIcon;
				CODE_SIGN_STYLE = Automatic;
				DEVELOPMENT_TEAM = UF26V5N35M;
				INFOPLIST_FILE = "window-shopper/Info.plist";
				LD_RUNPATH_SEARCH_PATHS = (
					"$(inherited)",
					"@executable_path/Frameworks",
				);
				PRODUCT_BUNDLE_IDENTIFIER = "com.IrfanMaknojia.window-shopper";
				PRODUCT_NAME = "$(TARGET_NAME)";
				SWIFT_VERSION = 4.0;
				TARGETED_DEVICE_FAMILY = 1;
			};
			name = Debug;
		};
		EEAE638F2115190B00A18506 /* Release */ = {
			isa = XCBuildConfiguration;
			buildSettings = {
				ASSETCATALOG_COMPILER_APPICON_NAME = AppIcon;
				CODE_SIGN_STYLE = Automatic;
				DEVELOPMENT_TEAM = UF26V5N35M;
				INFOPLIST_FILE = "window-shopper/Info.plist";
				LD_RUNPATH_SEARCH_PATHS = (
					"$(inherited)",
					"@executable_path/Frameworks",
				);
				PRODUCT_BUNDLE_IDENTIFIER = "com.IrfanMaknojia.window-shopper";
				PRODUCT_NAME = "$(TARGET_NAME)";
				SWIFT_VERSION = 4.0;
				TARGETED_DEVICE_FAMILY = 1;
			};
			name = Release;
		};
		EEAE63A021153F1200A18506 /* Debug */ = {
			isa = XCBuildConfiguration;
			buildSettings = {
				BUNDLE_LOADER = "$(TEST_HOST)";
				CODE_SIGN_STYLE = Automatic;
				DEVELOPMENT_TEAM = UF26V5N35M;
				INFOPLIST_FILE = "window-shopperTests/Info.plist";
				LD_RUNPATH_SEARCH_PATHS = (
					"$(inherited)",
					"@executable_path/Frameworks",
					"@loader_path/Frameworks",
				);
				PRODUCT_BUNDLE_IDENTIFIER = "com.IrfanMaknojia.window-shopperTests";
				PRODUCT_NAME = "$(TARGET_NAME)";
				SWIFT_VERSION = 4.0;
				TARGETED_DEVICE_FAMILY = "1,2";
				TEST_HOST = "$(BUILT_PRODUCTS_DIR)/window-shopper.app/window-shopper";
			};
			name = Debug;
		};
		EEAE63A121153F1200A18506 /* Release */ = {
			isa = XCBuildConfiguration;
			buildSettings = {
				BUNDLE_LOADER = "$(TEST_HOST)";
				CODE_SIGN_STYLE = Automatic;
				DEVELOPMENT_TEAM = UF26V5N35M;
				INFOPLIST_FILE = "window-shopperTests/Info.plist";
				LD_RUNPATH_SEARCH_PATHS = (
					"$(inherited)",
					"@executable_path/Frameworks",
					"@loader_path/Frameworks",
				);
				PRODUCT_BUNDLE_IDENTIFIER = "com.IrfanMaknojia.window-shopperTests";
				PRODUCT_NAME = "$(TARGET_NAME)";
				SWIFT_VERSION = 4.0;
				TARGETED_DEVICE_FAMILY = "1,2";
				TEST_HOST = "$(BUILT_PRODUCTS_DIR)/window-shopper.app/window-shopper";
			};
			name = Release;
		};
/* End XCBuildConfiguration section */

/* Begin XCConfigurationList section */
		EEAE63762115190800A18506 /* Build configuration list for PBXProject "window-shopper" */ = {
			isa = XCConfigurationList;
			buildConfigurations = (
				EEAE638B2115190B00A18506 /* Debug */,
				EEAE638C2115190B00A18506 /* Release */,
			);
			defaultConfigurationIsVisible = 0;
			defaultConfigurationName = Release;
		};
		EEAE638D2115190B00A18506 /* Build configuration list for PBXNativeTarget "window-shopper" */ = {
			isa = XCConfigurationList;
			buildConfigurations = (
				EEAE638E2115190B00A18506 /* Debug */,
				EEAE638F2115190B00A18506 /* Release */,
			);
			defaultConfigurationIsVisible = 0;
			defaultConfigurationName = Release;
		};
		EEAE639F21153F1200A18506 /* Build configuration list for PBXNativeTarget "window-shopperTests" */ = {
			isa = XCConfigurationList;
			buildConfigurations = (
				EEAE63A021153F1200A18506 /* Debug */,
				EEAE63A121153F1200A18506 /* Release */,
			);
			defaultConfigurationIsVisible = 0;
			defaultConfigurationName = Release;
		};
/* End XCConfigurationList section */
	};
	rootObject = EEAE63732115190800A18506 /* Project object */;
}
